
Microsoft Visual Studio Solution File, Format Version 12.00
# Visual Studio Version 17
VisualStudioVersion = 17.9.34728.123
MinimumVisualStudioVersion = 10.0.40219.1
Project("{FAE04EC0-301F-11D3-BF4B-00C04F79EFBC}") = "Todo Application", "Todo Application.csproj", "{8E12C977-16B6-4478-B70D-01E2402C122A}"
EndProject
Global
	GlobalSection(SolutionConfigurationPlatforms) = preSolution
		Debug|Any CPU = Debug|Any CPU
		Release|Any CPU = Release|Any CPU
	EndGlobalSection
	GlobalSection(ProjectConfigurationPlatforms) = postSolution
		{8E12C977-16B6-4478-B70D-01E2402C122A}.Debug|Any CPU.ActiveCfg = Debug|Any CPU
		{8E12C977-16B6-4478-B70D-01E2402C122A}.Debug|Any CPU.Build.0 = Debug|Any CPU
		{8E12C977-16B6-4478-B70D-01E2402C122A}.Release|Any CPU.ActiveCfg = Release|Any CPU
		{8E12C977-16B6-4478-B70D-01E2402C122A}.Release|Any CPU.Build.0 = Release|Any CPU
	EndGlobalSection
	GlobalSection(SolutionProperties) = preSolution
		HideSolutionNode = FALSE
	EndGlobalSection
	GlobalSection(ExtensibilityGlobals) = postSolution
		SolutionGuid = {D82205B1-D2A4-4CB8-871E-65E775825CE4}
	EndGlobalSection
EndGlobal
